// !$*UTF8*$!
{
	archiveVersion = 1;
	classes = {
	};
	objectVersion = 56;
	objects = {

/* Begin PBXBuildFile section */
		A10000031 /* VT323-Regular.ttf in Resources */ = {isa = PBXBuildFile; fileRef = A20000031 /* VT323-Regular.ttf */; };
		A10000032 /* AppTheme.swift in Sources */ = {isa = PBXBuildFile; fileRef = A20000034 /* AppTheme.swift */; };
		A10000081 /* PauseOverlayView.swift in Sources */ = {isa = PBXBuildFile; fileRef = A20000081 /* PauseOverlayView.swift */; };
		A10000082 /* PixelFloodView.swift in Sources */ = {isa = PBXBuildFile; fileRef = A20000082 /* PixelFloodView.swift */; };
		A10000001 /* HangmanApp.swift in Sources */ = {isa = PBXBuildFile; fileRef = A20000001 /* HangmanApp.swift */; };
		A10000002 /* GameState.swift in Sources */ = {isa = PBXBuildFile; fileRef = A20000002 /* GameState.swift */; };
		A10000003 /* ScoreData.swift in Sources */ = {isa = PBXBuildFile; fileRef = A20000003 /* ScoreData.swift */; };
		A10000004 /* GameViewModel.swift in Sources */ = {isa = PBXBuildFile; fileRef = A20000004 /* GameViewModel.swift */; };
		A10000005 /* HomeScreen.swift in Sources */ = {isa = PBXBuildFile; fileRef = A20000005 /* HomeScreen.swift */; };
		A10000006 /* GameScreen.swift in Sources */ = {isa = PBXBuildFile; fileRef = A20000006 /* GameScreen.swift */; };
		A10000007 /* StatsScreen.swift in Sources */ = {isa = PBXBuildFile; fileRef = A20000007 /* StatsScreen.swift */; };
		A10000010 /* KeyboardView.swift in Sources */ = {isa = PBXBuildFile; fileRef = A20000010 /* KeyboardView.swift */; };
		A10000011 /* LetterButton.swift in Sources */ = {isa = PBXBuildFile; fileRef = A20000011 /* LetterButton.swift */; };
		A10000012 /* WordDisplay.swift in Sources */ = {isa = PBXBuildFile; fileRef = A20000012 /* WordDisplay.swift */; };
		A10000080 /* SolveWordView.swift in Sources */ = {isa = PBXBuildFile; fileRef = A20000080 /* SolveWordView.swift */; };
		A10000013 /* WordService.swift in Sources */ = {isa = PBXBuildFile; fileRef = A20000013 /* WordService.swift */; };
		A10000014 /* SoundManager.swift in Sources */ = {isa = PBXBuildFile; fileRef = A20000014 /* SoundManager.swift */; };
		A10000015 /* ScoreManager.swift in Sources */ = {isa = PBXBuildFile; fileRef = A20000015 /* ScoreManager.swift */; };
		A10000016 /* Assets.xcassets in Resources */ = {isa = PBXBuildFile; fileRef = A20000016 /* Assets.xcassets */; };
		A10000017 /* fallback_words.txt in Resources */ = {isa = PBXBuildFile; fileRef = A20000017 /* fallback_words.txt */; };
		A10000018 /* ConfettiView.swift in Sources */ = {isa = PBXBuildFile; fileRef = A20000018 /* ConfettiView.swift */; };
		A10000019 /* VSSession.swift in Sources */ = {isa = PBXBuildFile; fileRef = A20000019 /* VSSession.swift */; };
		A10000020 /* VSGameViewModel.swift in Sources */ = {isa = PBXBuildFile; fileRef = A20000020 /* VSGameViewModel.swift */; };
		A10000021 /* VSModeView.swift in Sources */ = {isa = PBXBuildFile; fileRef = A20000021 /* VSModeView.swift */; };
		A10000022 /* VSNameEntryScreen.swift in Sources */ = {isa = PBXBuildFile; fileRef = A20000022 /* VSNameEntryScreen.swift */; };
		A10000023 /* VSWordEntryScreen.swift in Sources */ = {isa = PBXBuildFile; fileRef = A20000023 /* VSWordEntryScreen.swift */; };
		A10000024 /* VSCountdownScreen.swift in Sources */ = {isa = PBXBuildFile; fileRef = A20000024 /* VSCountdownScreen.swift */; };
		A10000025 /* VSGameScreen.swift in Sources */ = {isa = PBXBuildFile; fileRef = A20000025 /* VSGameScreen.swift */; };
		A10000026 /* VSRoundResultScreen.swift in Sources */ = {isa = PBXBuildFile; fileRef = A20000026 /* VSRoundResultScreen.swift */; };
		A10000027 /* VSFinalScreen.swift in Sources */ = {isa = PBXBuildFile; fileRef = A20000027 /* VSFinalScreen.swift */; };
		A10000028 /* ASCIIHangman.swift in Sources */ = {isa = PBXBuildFile; fileRef = A20000028 /* ASCIIHangman.swift */; };
		A10000029 /* ModeSelectionScreen.swift in Sources */ = {isa = PBXBuildFile; fileRef = A20000029 /* ModeSelectionScreen.swift */; };
		A10000030 /* ASCIIStyles.swift in Sources */ = {isa = PBXBuildFile; fileRef = A20000030 /* ASCIIStyles.swift */; };
		A10000083 /* WordValidator.swift in Sources */ = {isa = PBXBuildFile; fileRef = A20000083 /* WordValidator.swift */; };
		A10000084 /* GameRecord.swift in Sources */ = {isa = PBXBuildFile; fileRef = A20000084 /* GameRecord.swift */; };
		A10000085 /* HistoryScreen.swift in Sources */ = {isa = PBXBuildFile; fileRef = A20000085 /* HistoryScreen.swift */; };
		A10000086 /* SettingsScreen.swift in Sources */ = {isa = PBXBuildFile; fileRef = A20000086 /* SettingsScreen.swift */; };
		A10000087 /* OnboardingView.swift in Sources */ = {isa = PBXBuildFile; fileRef = A20000087 /* OnboardingView.swift */; };
		B10000001 /* GameStateTests.swift in Sources */ = {isa = PBXBuildFile; fileRef = B20000001 /* GameStateTests.swift */; };
		B10000002 /* VSSessionTests.swift in Sources */ = {isa = PBXBuildFile; fileRef = B20000002 /* VSSessionTests.swift */; };
		B10000003 /* ScoreManagerTests.swift in Sources */ = {isa = PBXBuildFile; fileRef = B20000003 /* ScoreManagerTests.swift */; };
		D10000001 /* MessagesViewController.swift in Sources */ = {isa = PBXBuildFile; fileRef = D20000001 /* MessagesViewController.swift */; };
		D10000002 /* MessageGameState.swift in Sources */ = {isa = PBXBuildFile; fileRef = D20000002 /* MessageGameState.swift */; };
		D10000003 /* MessageSetWordView.swift in Sources */ = {isa = PBXBuildFile; fileRef = D20000003 /* MessageSetWordView.swift */; };
		D10000004 /* MessageGameView.swift in Sources */ = {isa = PBXBuildFile; fileRef = D20000004 /* MessageGameView.swift */; };
		D10000005 /* MessageResultView.swift in Sources */ = {isa = PBXBuildFile; fileRef = D20000005 /* MessageResultView.swift */; };
		D10000010 /* GameState.swift in Sources */ = {isa = PBXBuildFile; fileRef = A20000002 /* GameState.swift */; };
		D10000011 /* WordValidator.swift in Sources */ = {isa = PBXBuildFile; fileRef = A20000083 /* WordValidator.swift */; };
		D10000012 /* AppTheme.swift in Sources */ = {isa = PBXBuildFile; fileRef = A20000034 /* AppTheme.swift */; };
		D10000013 /* KeyboardView.swift in Sources */ = {isa = PBXBuildFile; fileRef = A20000010 /* KeyboardView.swift */; };
		D10000014 /* WordDisplay.swift in Sources */ = {isa = PBXBuildFile; fileRef = A20000012 /* WordDisplay.swift */; };
		D10000015 /* ASCIIHangman.swift in Sources */ = {isa = PBXBuildFile; fileRef = A20000028 /* ASCIIHangman.swift */; };
		D10000016 /* LetterButton.swift in Sources */ = {isa = PBXBuildFile; fileRef = A20000011 /* LetterButton.swift */; };
		D10000017 /* ASCIIStyles.swift in Sources */ = {isa = PBXBuildFile; fileRef = A20000030 /* ASCIIStyles.swift */; };
		D10000018 /* SolveWordView.swift in Sources */ = {isa = PBXBuildFile; fileRef = A20000080 /* SolveWordView.swift */; };
		D10000019 /* SoundManager.swift in Sources */ = {isa = PBXBuildFile; fileRef = A20000014 /* SoundManager.swift */; };
		D10000020 /* ConfettiView.swift in Sources */ = {isa = PBXBuildFile; fileRef = A20000018 /* ConfettiView.swift */; };
		D10000021 /* VT323-Regular.ttf in Resources */ = {isa = PBXBuildFile; fileRef = A20000031 /* VT323-Regular.ttf */; };
		D10000022 /* Assets.xcassets in Resources */ = {isa = PBXBuildFile; fileRef = D20000007 /* Assets.xcassets */; };
		D90000002 /* HangmanMessages.appex in Embed App Extensions */ = {isa = PBXBuildFile; fileRef = D30000001 /* HangmanMessages.appex */; settings = {ATTRIBUTES = (RemoveHeadersOnCopy, ); }; };
/* End PBXBuildFile section */

/* Begin PBXFileReference section */
		A20000001 /* HangmanApp.swift */ = {isa = PBXFileReference; lastKnownFileType = sourcecode.swift; path = HangmanApp.swift; sourceTree = "<group>"; };
		A20000002 /* GameState.swift */ = {isa = PBXFileReference; lastKnownFileType = sourcecode.swift; path = GameState.swift; sourceTree = "<group>"; };
		A20000003 /* ScoreData.swift */ = {isa = PBXFileReference; lastKnownFileType = sourcecode.swift; path = ScoreData.swift; sourceTree = "<group>"; };
		A20000004 /* GameViewModel.swift */ = {isa = PBXFileReference; lastKnownFileType = sourcecode.swift; path = GameViewModel.swift; sourceTree = "<group>"; };
		A20000005 /* HomeScreen.swift */ = {isa = PBXFileReference; lastKnownFileType = sourcecode.swift; path = HomeScreen.swift; sourceTree = "<group>"; };
		A20000006 /* GameScreen.swift */ = {isa = PBXFileReference; lastKnownFileType = sourcecode.swift; path = GameScreen.swift; sourceTree = "<group>"; };
		A20000007 /* StatsScreen.swift */ = {isa = PBXFileReference; lastKnownFileType = sourcecode.swift; path = StatsScreen.swift; sourceTree = "<group>"; };
		A20000010 /* KeyboardView.swift */ = {isa = PBXFileReference; lastKnownFileType = sourcecode.swift; path = KeyboardView.swift; sourceTree = "<group>"; };
		A20000011 /* LetterButton.swift */ = {isa = PBXFileReference; lastKnownFileType = sourcecode.swift; path = LetterButton.swift; sourceTree = "<group>"; };
		A20000012 /* WordDisplay.swift */ = {isa = PBXFileReference; lastKnownFileType = sourcecode.swift; path = WordDisplay.swift; sourceTree = "<group>"; };
		A20000080 /* SolveWordView.swift */ = {isa = PBXFileReference; lastKnownFileType = sourcecode.swift; path = SolveWordView.swift; sourceTree = "<group>"; };
		A20000013 /* WordService.swift */ = {isa = PBXFileReference; lastKnownFileType = sourcecode.swift; path = WordService.swift; sourceTree = "<group>"; };
		A20000014 /* SoundManager.swift */ = {isa = PBXFileReference; lastKnownFileType = sourcecode.swift; path = SoundManager.swift; sourceTree = "<group>"; };
		A20000015 /* ScoreManager.swift */ = {isa = PBXFileReference; lastKnownFileType = sourcecode.swift; path = ScoreManager.swift; sourceTree = "<group>"; };
		A20000016 /* Assets.xcassets */ = {isa = PBXFileReference; lastKnownFileType = folder.assetcatalog; path = Assets.xcassets; sourceTree = "<group>"; };
		A20000017 /* fallback_words.txt */ = {isa = PBXFileReference; lastKnownFileType = text; path = fallback_words.txt; sourceTree = "<group>"; };
		A20000018 /* ConfettiView.swift */ = {isa = PBXFileReference; lastKnownFileType = sourcecode.swift; path = ConfettiView.swift; sourceTree = "<group>"; };
		A20000019 /* VSSession.swift */ = {isa = PBXFileReference; lastKnownFileType = sourcecode.swift; path = VSSession.swift; sourceTree = "<group>"; };
		A20000020 /* VSGameViewModel.swift */ = {isa = PBXFileReference; lastKnownFileType = sourcecode.swift; path = VSGameViewModel.swift; sourceTree = "<group>"; };
		A20000021 /* VSModeView.swift */ = {isa = PBXFileReference; lastKnownFileType = sourcecode.swift; path = VSModeView.swift; sourceTree = "<group>"; };
		A20000022 /* VSNameEntryScreen.swift */ = {isa = PBXFileReference; lastKnownFileType = sourcecode.swift; path = VSNameEntryScreen.swift; sourceTree = "<group>"; };
		A20000023 /* VSWordEntryScreen.swift */ = {isa = PBXFileReference; lastKnownFileType = sourcecode.swift; path = VSWordEntryScreen.swift; sourceTree = "<group>"; };
		A20000024 /* VSCountdownScreen.swift */ = {isa = PBXFileReference; lastKnownFileType = sourcecode.swift; path = VSCountdownScreen.swift; sourceTree = "<group>"; };
		A20000025 /* VSGameScreen.swift */ = {isa = PBXFileReference; lastKnownFileType = sourcecode.swift; path = VSGameScreen.swift; sourceTree = "<group>"; };
		A20000026 /* VSRoundResultScreen.swift */ = {isa = PBXFileReference; lastKnownFileType = sourcecode.swift; path = VSRoundResultScreen.swift; sourceTree = "<group>"; };
		A20000027 /* VSFinalScreen.swift */ = {isa = PBXFileReference; lastKnownFileType = sourcecode.swift; path = VSFinalScreen.swift; sourceTree = "<group>"; };
		A20000028 /* ASCIIHangman.swift */ = {isa = PBXFileReference; lastKnownFileType = sourcecode.swift; path = ASCIIHangman.swift; sourceTree = "<group>"; };
		A20000029 /* ModeSelectionScreen.swift */ = {isa = PBXFileReference; lastKnownFileType = sourcecode.swift; path = ModeSelectionScreen.swift; sourceTree = "<group>"; };
		A20000030 /* ASCIIStyles.swift */ = {isa = PBXFileReference; lastKnownFileType = sourcecode.swift; path = ASCIIStyles.swift; sourceTree = "<group>"; };
		A20000031 /* VT323-Regular.ttf */ = {isa = PBXFileReference; lastKnownFileType = file; path = "VT323-Regular.ttf"; sourceTree = "<group>"; };
		A20000033 /* Info.plist */ = {isa = PBXFileReference; lastKnownFileType = text.plist.xml; path = Info.plist; sourceTree = "<group>"; };
		A20000034 /* AppTheme.swift */ = {isa = PBXFileReference; lastKnownFileType = sourcecode.swift; path = AppTheme.swift; sourceTree = "<group>"; };
		A20000081 /* PauseOverlayView.swift */ = {isa = PBXFileReference; lastKnownFileType = sourcecode.swift; path = PauseOverlayView.swift; sourceTree = "<group>"; };
		A20000082 /* PixelFloodView.swift */ = {isa = PBXFileReference; lastKnownFileType = sourcecode.swift; path = PixelFloodView.swift; sourceTree = "<group>"; };
		A20000083 /* WordValidator.swift */ = {isa = PBXFileReference; lastKnownFileType = sourcecode.swift; path = WordValidator.swift; sourceTree = "<group>"; };
		A20000084 /* GameRecord.swift */ = {isa = PBXFileReference; lastKnownFileType = sourcecode.swift; path = GameRecord.swift; sourceTree = "<group>"; };
		A20000085 /* HistoryScreen.swift */ = {isa = PBXFileReference; lastKnownFileType = sourcecode.swift; path = HistoryScreen.swift; sourceTree = "<group>"; };
		A20000086 /* SettingsScreen.swift */ = {isa = PBXFileReference; lastKnownFileType = sourcecode.swift; path = SettingsScreen.swift; sourceTree = "<group>"; };
		A20000087 /* OnboardingView.swift */ = {isa = PBXFileReference; lastKnownFileType = sourcecode.swift; path = OnboardingView.swift; sourceTree = "<group>"; };
		A30000001 /* Hangman.app */ = {isa = PBXFileReference; explicitFileType = wrapper.application; includeInIndex = 0; path = Hangman.app; sourceTree = BUILT_PRODUCTS_DIR; };
		B20000001 /* GameStateTests.swift */ = {isa = PBXFileReference; lastKnownFileType = sourcecode.swift; path = GameStateTests.swift; sourceTree = "<group>"; };
		B20000002 /* VSSessionTests.swift */ = {isa = PBXFileReference; lastKnownFileType = sourcecode.swift; path = VSSessionTests.swift; sourceTree = "<group>"; };
		B20000003 /* ScoreManagerTests.swift */ = {isa = PBXFileReference; lastKnownFileType = sourcecode.swift; path = ScoreManagerTests.swift; sourceTree = "<group>"; };
		B30000001 /* HangmanTests.xctest */ = {isa = PBXFileReference; explicitFileType = wrapper.cfbundle; includeInIndex = 0; path = HangmanTests.xctest; sourceTree = BUILT_PRODUCTS_DIR; };
		D20000001 /* MessagesViewController.swift */ = {isa = PBXFileReference; lastKnownFileType = sourcecode.swift; path = MessagesViewController.swift; sourceTree = "<group>"; };
		D20000002 /* MessageGameState.swift */ = {isa = PBXFileReference; lastKnownFileType = sourcecode.swift; path = MessageGameState.swift; sourceTree = "<group>"; };
		D20000003 /* MessageSetWordView.swift */ = {isa = PBXFileReference; lastKnownFileType = sourcecode.swift; path = MessageSetWordView.swift; sourceTree = "<group>"; };
		D20000004 /* MessageGameView.swift */ = {isa = PBXFileReference; lastKnownFileType = sourcecode.swift; path = MessageGameView.swift; sourceTree = "<group>"; };
		D20000005 /* MessageResultView.swift */ = {isa = PBXFileReference; lastKnownFileType = sourcecode.swift; path = MessageResultView.swift; sourceTree = "<group>"; };
		D20000006 /* Info.plist */ = {isa = PBXFileReference; lastKnownFileType = text.plist.xml; path = Info.plist; sourceTree = "<group>"; };
		D20000007 /* Assets.xcassets */ = {isa = PBXFileReference; lastKnownFileType = folder.assetcatalog; path = Assets.xcassets; sourceTree = "<group>"; };
		D30000001 /* HangmanMessages.appex */ = {isa = PBXFileReference; explicitFileType = "wrapper.app-extension"; includeInIndex = 0; path = HangmanMessages.appex; sourceTree = BUILT_PRODUCTS_DIR; };
/* End PBXFileReference section */

/* Begin PBXFrameworksBuildPhase section */
		A40000001 /* Frameworks */ = {
			isa = PBXFrameworksBuildPhase;
			buildActionMask = 2147483647;
			files = (
			);
			runOnlyForDeploymentPostprocessing = 0;
		};
		B40000001 /* Frameworks */ = {
			isa = PBXFrameworksBuildPhase;
			buildActionMask = 2147483647;
			files = (
			);
			runOnlyForDeploymentPostprocessing = 0;
		};
		D40000003 /* Frameworks */ = {
			isa = PBXFrameworksBuildPhase;
			buildActionMask = 2147483647;
			files = (
			);
			runOnlyForDeploymentPostprocessing = 0;
		};
/* End PBXFrameworksBuildPhase section */

/* Begin PBXGroup section */
		A50000001 = {
			isa = PBXGroup;
			children = (
				A50000002 /* Hangman */,
				D50000001 /* HangmanMessages */,
				B50000001 /* HangmanTests */,
				A50000009 /* Products */,
			);
			sourceTree = "<group>";
		};
		A50000002 /* Hangman */ = {
			isa = PBXGroup;
			children = (
				A20000001 /* HangmanApp.swift */,
				A20000033 /* Info.plist */,
				A50000003 /* Models */,
				A50000004 /* ViewModels */,
				A50000005 /* Views */,
				A50000007 /* Services */,
				A50000008 /* Resources */,
				A20000016 /* Assets.xcassets */,
			);
			path = Hangman;
			sourceTree = "<group>";
		};
		A50000003 /* Models */ = {
			isa = PBXGroup;
			children = (
				A20000002 /* GameState.swift */,
				A20000003 /* ScoreData.swift */,
				A20000019 /* VSSession.swift */,
				A20000084 /* GameRecord.swift */,
			);
			path = Models;
			sourceTree = "<group>";
		};
		A50000004 /* ViewModels */ = {
			isa = PBXGroup;
			children = (
				A20000004 /* GameViewModel.swift */,
				A20000020 /* VSGameViewModel.swift */,
			);
			path = ViewModels;
			sourceTree = "<group>";
		};
		A50000005 /* Views */ = {
			isa = PBXGroup;
			children = (
				A20000005 /* HomeScreen.swift */,
				A20000006 /* GameScreen.swift */,
				A20000007 /* StatsScreen.swift */,
				A20000029 /* ModeSelectionScreen.swift */,
				A20000021 /* VSModeView.swift */,
				A20000022 /* VSNameEntryScreen.swift */,
				A20000023 /* VSWordEntryScreen.swift */,
				A20000024 /* VSCountdownScreen.swift */,
				A20000025 /* VSGameScreen.swift */,
				A20000026 /* VSRoundResultScreen.swift */,
				A20000027 /* VSFinalScreen.swift */,
				A20000085 /* HistoryScreen.swift */,
				A20000086 /* SettingsScreen.swift */,
				A20000087 /* OnboardingView.swift */,
				A50000006 /* Components */,
			);
			path = Views;
			sourceTree = "<group>";
		};
		A50000006 /* Components */ = {
			isa = PBXGroup;
			children = (
				A20000010 /* KeyboardView.swift */,
				A20000011 /* LetterButton.swift */,
				A20000012 /* WordDisplay.swift */,
				A20000018 /* ConfettiView.swift */,
				A20000028 /* ASCIIHangman.swift */,
				A20000080 /* SolveWordView.swift */,
				A20000030 /* ASCIIStyles.swift */,
				A20000034 /* AppTheme.swift */,
				A20000081 /* PauseOverlayView.swift */,
				A20000082 /* PixelFloodView.swift */,
			);
			path = Components;
			sourceTree = "<group>";
		};
		A50000007 /* Services */ = {
			isa = PBXGroup;
			children = (
				A20000013 /* WordService.swift */,
				A20000014 /* SoundManager.swift */,
				A20000015 /* ScoreManager.swift */,
				A20000083 /* WordValidator.swift */,
			);
			path = Services;
			sourceTree = "<group>";
		};
		A50000008 /* Resources */ = {
			isa = PBXGroup;
			children = (
				A20000017 /* fallback_words.txt */,
				A50000010 /* Fonts */,
			);
			path = Resources;
			sourceTree = "<group>";
		};
		A50000010 /* Fonts */ = {
			isa = PBXGroup;
			children = (
				A20000031 /* VT323-Regular.ttf */,
			);
			path = Fonts;
			sourceTree = "<group>";
		};
		A50000009 /* Products */ = {
			isa = PBXGroup;
			children = (
				A30000001 /* Hangman.app */,
				B30000001 /* HangmanTests.xctest */,
				D30000001 /* HangmanMessages.appex */,
			);
			name = Products;
			sourceTree = "<group>";
		};
		B50000001 /* HangmanTests */ = {
			isa = PBXGroup;
			children = (
				B20000001 /* GameStateTests.swift */,
				B20000002 /* VSSessionTests.swift */,
				B20000003 /* ScoreManagerTests.swift */,
			);
			path = HangmanTests;
			sourceTree = "<group>";
		};
		D50000001 /* HangmanMessages */ = {
			isa = PBXGroup;
			children = (
				D20000001 /* MessagesViewController.swift */,
				D20000002 /* MessageGameState.swift */,
				D20000003 /* MessageSetWordView.swift */,
				D20000004 /* MessageGameView.swift */,
				D20000005 /* MessageResultView.swift */,
				D20000006 /* Info.plist */,
				D20000007 /* Assets.xcassets */,
			);
			path = HangmanMessages;
			sourceTree = "<group>";
		};
/* End PBXGroup section */

/* Begin PBXNativeTarget section */
		A60000001 /* Hangman */ = {
			isa = PBXNativeTarget;
			buildConfigurationList = A80000003 /* Build configuration list for PBXNativeTarget "Hangman" */;
			buildPhases = (
				A70000001 /* Sources */,
				A40000001 /* Frameworks */,
				A70000002 /* Resources */,
				D90000001 /* Embed App Extensions */,
			);
			buildRules = (
			);
			dependencies = (
				D80000002 /* PBXTargetDependency */,
			);
			name = Hangman;
			productName = Hangman;
			productReference = A30000001 /* Hangman.app */;
			productType = "com.apple.product-type.application";
		};
		B60000001 /* HangmanTests */ = {
			isa = PBXNativeTarget;
			buildConfigurationList = B80000003 /* Build configuration list for PBXNativeTarget "HangmanTests" */;
			buildPhases = (
				B70000001 /* Sources */,
				B40000001 /* Frameworks */,
			);
			buildRules = (
			);
			dependencies = (
				B90000002 /* PBXTargetDependency */,
			);
			name = HangmanTests;
			productName = HangmanTests;
			productReference = B30000001 /* HangmanTests.xctest */;
			productType = "com.apple.product-type.bundle.unit-test";
		};
		D60000001 /* HangmanMessages */ = {
			isa = PBXNativeTarget;
			buildConfigurationList = D70000003 /* Build configuration list for PBXNativeTarget "HangmanMessages" */;
			buildPhases = (
				D40000001 /* Sources */,
				D40000003 /* Frameworks */,
				D40000002 /* Resources */,
			);
			buildRules = (
			);
			dependencies = (
			);
			name = HangmanMessages;
			productName = HangmanMessages;
			productReference = D30000001 /* HangmanMessages.appex */;
			productType = "com.apple.product-type.app-extension";
		};
/* End PBXNativeTarget section */

/* Begin PBXContainerItemProxy section */
		B90000001 /* PBXContainerItemProxy */ = {
			isa = PBXContainerItemProxy;
			containerPortal = A90000001 /* Project object */;
			proxyType = 1;
			remoteGlobalIDString = A60000001;
			remoteInfo = Hangman;
		};
		D80000001 /* PBXContainerItemProxy */ = {
			isa = PBXContainerItemProxy;
			containerPortal = A90000001 /* Project object */;
			proxyType = 1;
			remoteGlobalIDString = D60000001;
			remoteInfo = HangmanMessages;
		};
/* End PBXContainerItemProxy section */

/* Begin PBXTargetDependency section */
		B90000002 /* PBXTargetDependency */ = {
			isa = PBXTargetDependency;
			target = A60000001 /* Hangman */;
			targetProxy = B90000001 /* PBXContainerItemProxy */;
		};
		D80000002 /* PBXTargetDependency */ = {
			isa = PBXTargetDependency;
			target = D60000001 /* HangmanMessages */;
			targetProxy = D80000001 /* PBXContainerItemProxy */;
		};
/* End PBXTargetDependency section */

/* Begin PBXProject section */
		A90000001 /* Project object */ = {
			isa = PBXProject;
			attributes = {
				BuildIndependentTargetsInParallel = 1;
				LastSwiftUpdateCheck = 1500;
				LastUpgradeCheck = 1500;
				TargetAttributes = {
					A60000001 = {
						CreatedOnToolsVersion = 15.0;
					};
					B60000001 = {
						CreatedOnToolsVersion = 15.0;
						TestTargetID = A60000001;
					};
					D60000001 = {
						CreatedOnToolsVersion = 15.0;
					};
				};
			};
			buildConfigurationList = A80000001 /* Build configuration list for PBXProject "Hangman" */;
			compatibilityVersion = "Xcode 14.0";
			developmentRegion = en;
			hasScannedForEncodings = 0;
			knownRegions = (
				en,
				Base,
			);
			mainGroup = A50000001;
			productRefGroup = A50000009 /* Products */;
			projectDirPath = "";
			projectRoot = "";
			targets = (
				A60000001 /* Hangman */,
				B60000001 /* HangmanTests */,
				D60000001 /* HangmanMessages */,
			);
		};
/* End PBXProject section */

/* Begin PBXResourcesBuildPhase section */
		A70000002 /* Resources */ = {
			isa = PBXResourcesBuildPhase;
			buildActionMask = 2147483647;
			files = (
				A10000016 /* Assets.xcassets in Resources */,
				A10000017 /* fallback_words.txt in Resources */,
				A10000031 /* VT323-Regular.ttf in Resources */,
			);
			runOnlyForDeploymentPostprocessing = 0;
		};
		D40000002 /* Resources */ = {
			isa = PBXResourcesBuildPhase;
			buildActionMask = 2147483647;
			files = (
				D10000021 /* VT323-Regular.ttf in Resources */,
				D10000022 /* Assets.xcassets in Resources */,
			);
			runOnlyForDeploymentPostprocessing = 0;
		};
/* End PBXResourcesBuildPhase section */

/* Begin PBXCopyFilesBuildPhase section */
		D90000001 /* Embed App Extensions */ = {
			isa = PBXCopyFilesBuildPhase;
			buildActionMask = 2147483647;
			dstPath = "";
			dstSubfolderSpec = 13;
			files = (
				D90000002 /* HangmanMessages.appex in Embed App Extensions */,
			);
			name = "Embed App Extensions";
			runOnlyForDeploymentPostprocessing = 0;
		};
/* End PBXCopyFilesBuildPhase section */

/* Begin PBXSourcesBuildPhase section */
		A70000001 /* Sources */ = {
			isa = PBXSourcesBuildPhase;
			buildActionMask = 2147483647;
			files = (
				A10000001 /* HangmanApp.swift in Sources */,
				A10000002 /* GameState.swift in Sources */,
				A10000003 /* ScoreData.swift in Sources */,
				A10000004 /* GameViewModel.swift in Sources */,
				A10000005 /* HomeScreen.swift in Sources */,
				A10000006 /* GameScreen.swift in Sources */,
				A10000007 /* StatsScreen.swift in Sources */,
				A10000010 /* KeyboardView.swift in Sources */,
				A10000011 /* LetterButton.swift in Sources */,
				A10000012 /* WordDisplay.swift in Sources */,
				A10000080 /* SolveWordView.swift in Sources */,
				A10000013 /* WordService.swift in Sources */,
				A10000014 /* SoundManager.swift in Sources */,
				A10000015 /* ScoreManager.swift in Sources */,
				A10000018 /* ConfettiView.swift in Sources */,
				A10000019 /* VSSession.swift in Sources */,
				A10000020 /* VSGameViewModel.swift in Sources */,
				A10000021 /* VSModeView.swift in Sources */,
				A10000022 /* VSNameEntryScreen.swift in Sources */,
				A10000023 /* VSWordEntryScreen.swift in Sources */,
				A10000024 /* VSCountdownScreen.swift in Sources */,
				A10000025 /* VSGameScreen.swift in Sources */,
				A10000026 /* VSRoundResultScreen.swift in Sources */,
				A10000027 /* VSFinalScreen.swift in Sources */,
				A10000028 /* ASCIIHangman.swift in Sources */,
				A10000029 /* ModeSelectionScreen.swift in Sources */,
				A10000030 /* ASCIIStyles.swift in Sources */,
				A10000032 /* AppTheme.swift in Sources */,
				A10000081 /* PauseOverlayView.swift in Sources */,
				A10000082 /* PixelFloodView.swift in Sources */,
				A10000083 /* WordValidator.swift in Sources */,
				A10000084 /* GameRecord.swift in Sources */,
				A10000085 /* HistoryScreen.swift in Sources */,
				A10000086 /* SettingsScreen.swift in Sources */,
				A10000087 /* OnboardingView.swift in Sources */,
			);
			runOnlyForDeploymentPostprocessing = 0;
		};
		B70000001 /* Sources */ = {
			isa = PBXSourcesBuildPhase;
			buildActionMask = 2147483647;
			files = (
				B10000001 /* GameStateTests.swift in Sources */,
				B10000002 /* VSSessionTests.swift in Sources */,
				B10000003 /* ScoreManagerTests.swift in Sources */,
			);
			runOnlyForDeploymentPostprocessing = 0;
		};
		D40000001 /* Sources */ = {
			isa = PBXSourcesBuildPhase;
			buildActionMask = 2147483647;
			files = (
				D10000001 /* MessagesViewController.swift in Sources */,
				D10000002 /* MessageGameState.swift in Sources */,
				D10000003 /* MessageSetWordView.swift in Sources */,
				D10000004 /* MessageGameView.swift in Sources */,
				D10000005 /* MessageResultView.swift in Sources */,
				D10000010 /* GameState.swift in Sources */,
				D10000011 /* WordValidator.swift in Sources */,
				D10000012 /* AppTheme.swift in Sources */,
				D10000013 /* KeyboardView.swift in Sources */,
				D10000014 /* WordDisplay.swift in Sources */,
				D10000015 /* ASCIIHangman.swift in Sources */,
				D10000016 /* LetterButton.swift in Sources */,
				D10000017 /* ASCIIStyles.swift in Sources */,
				D10000018 /* SolveWordView.swift in Sources */,
				D10000019 /* SoundManager.swift in Sources */,
				D10000020 /* ConfettiView.swift in Sources */,
			);
			runOnlyForDeploymentPostprocessing = 0;
		};
/* End PBXSourcesBuildPhase section */

/* Begin XCBuildConfiguration section */
		A80000010 /* Debug */ = {
			isa = XCBuildConfiguration;
			buildSettings = {
				ALWAYS_SEARCH_USER_PATHS = NO;
				ASSETCATALOG_COMPILER_GENERATE_SWIFT_ASSET_SYMBOL_EXTENSIONS = YES;
				CLANG_ANALYZER_NONNULL = YES;
				CLANG_ANALYZER_NUMBER_OBJECT_CONVERSION = YES_AGGRESSIVE;
				CLANG_CXX_LANGUAGE_STANDARD = "gnu++20";
				CLANG_ENABLE_MODULES = YES;
				CLANG_ENABLE_OBJC_ARC = YES;
				CLANG_ENABLE_OBJC_WEAK = YES;
				CLANG_WARN_BLOCK_CAPTURE_AUTORELEASING = YES;
				CLANG_WARN_BOOL_CONVERSION = YES;
				CLANG_WARN_COMMA = YES;
				CLANG_WARN_CONSTANT_CONVERSION = YES;
				CLANG_WARN_DEPRECATED_OBJC_IMPLEMENTATIONS = YES;
				CLANG_WARN_DIRECT_OBJC_ISA_USAGE = YES_ERROR;
				CLANG_WARN_DOCUMENTATION_COMMENTS = YES;
				CLANG_WARN_EMPTY_BODY = YES;
				CLANG_WARN_ENUM_CONVERSION = YES;
				CLANG_WARN_INFINITE_RECURSION = YES;
				CLANG_WARN_INT_CONVERSION = YES;
				CLANG_WARN_NON_LITERAL_NULL_CONVERSION = YES;
				CLANG_WARN_OBJC_IMPLICIT_RETAIN_SELF = YES;
				CLANG_WARN_OBJC_LITERAL_CONVERSION = YES;
				CLANG_WARN_OBJC_ROOT_CLASS = YES_ERROR;
				CLANG_WARN_QUOTED_INCLUDE_IN_FRAMEWORK_HEADER = YES;
				CLANG_WARN_RANGE_LOOP_ANALYSIS = YES;
				CLANG_WARN_STRICT_PROTOTYPES = YES;
				CLANG_WARN_SUSPICIOUS_MOVE = YES;
				CLANG_WARN_UNGUARDED_AVAILABILITY = YES_AGGRESSIVE;
				CLANG_WARN_UNREACHABLE_CODE = YES;
				CLANG_WARN__DUPLICATE_METHOD_MATCH = YES;
				COPY_PHASE_STRIP = NO;
				DEBUG_INFORMATION_FORMAT = dwarf;
				ENABLE_STRICT_OBJC_MSGSEND = YES;
				ENABLE_TESTABILITY = YES;
				ENABLE_USER_SCRIPT_SANDBOXING = YES;
				GCC_C_LANGUAGE_STANDARD = gnu17;
				GCC_DYNAMIC_NO_PIC = NO;
				GCC_NO_COMMON_BLOCKS = YES;
				GCC_OPTIMIZATION_LEVEL = 0;
				GCC_PREPROCESSOR_DEFINITIONS = (
					"DEBUG=1",
					"$(inherited)",
				);
				GCC_WARN_64_TO_32_BIT_CONVERSION = YES;
				GCC_WARN_ABOUT_RETURN_TYPE = YES_ERROR;
				GCC_WARN_UNDECLARED_SELECTOR = YES;
				GCC_WARN_UNINITIALIZED_AUTOS = YES_AGGRESSIVE;
				GCC_WARN_UNUSED_FUNCTION = YES;
				GCC_WARN_UNUSED_VARIABLE = YES;
				IPHONEOS_DEPLOYMENT_TARGET = 17.0;
				MTL_ENABLE_DEBUG_INFO = INCLUDE_SOURCE;
				MTL_FAST_MATH = YES;
				ONLY_ACTIVE_ARCH = YES;
				SDKROOT = iphoneos;
				SWIFT_ACTIVE_COMPILATION_CONDITIONS = "DEBUG $(inherited)";
				SWIFT_OPTIMIZATION_LEVEL = "-Onone";
			};
			name = Debug;
		};
		A80000011 /* Release */ = {
			isa = XCBuildConfiguration;
			buildSettings = {
				ALWAYS_SEARCH_USER_PATHS = NO;
				ASSETCATALOG_COMPILER_GENERATE_SWIFT_ASSET_SYMBOL_EXTENSIONS = YES;
				CLANG_ANALYZER_NONNULL = YES;
				CLANG_ANALYZER_NUMBER_OBJECT_CONVERSION = YES_AGGRESSIVE;
				CLANG_CXX_LANGUAGE_STANDARD = "gnu++20";
				CLANG_ENABLE_MODULES = YES;
				CLANG_ENABLE_OBJC_ARC = YES;
				CLANG_ENABLE_OBJC_WEAK = YES;
				CLANG_WARN_BLOCK_CAPTURE_AUTORELEASING = YES;
				CLANG_WARN_BOOL_CONVERSION = YES;
				CLANG_WARN_COMMA = YES;
				CLANG_WARN_CONSTANT_CONVERSION = YES;
				CLANG_WARN_DEPRECATED_OBJC_IMPLEMENTATIONS = YES;
				CLANG_WARN_DIRECT_OBJC_ISA_USAGE = YES_ERROR;
				CLANG_WARN_DOCUMENTATION_COMMENTS = YES;
				CLANG_WARN_EMPTY_BODY = YES;
				CLANG_WARN_ENUM_CONVERSION = YES;
				CLANG_WARN_INFINITE_RECURSION = YES;
				CLANG_WARN_INT_CONVERSION = YES;
				CLANG_WARN_NON_LITERAL_NULL_CONVERSION = YES;
				CLANG_WARN_OBJC_IMPLICIT_RETAIN_SELF = YES;
				CLANG_WARN_OBJC_LITERAL_CONVERSION = YES;
				CLANG_WARN_OBJC_ROOT_CLASS = YES_ERROR;
				CLANG_WARN_QUOTED_INCLUDE_IN_FRAMEWORK_HEADER = YES;
				CLANG_WARN_RANGE_LOOP_ANALYSIS = YES;
				CLANG_WARN_STRICT_PROTOTYPES = YES;
				CLANG_WARN_SUSPICIOUS_MOVE = YES;
				CLANG_WARN_UNGUARDED_AVAILABILITY = YES_AGGRESSIVE;
				CLANG_WARN_UNREACHABLE_CODE = YES;
				CLANG_WARN__DUPLICATE_METHOD_MATCH = YES;
				COPY_PHASE_STRIP = NO;
				DEBUG_INFORMATION_FORMAT = "dwarf-with-dsym";
				ENABLE_NS_ASSERTIONS = NO;
				ENABLE_STRICT_OBJC_MSGSEND = YES;
				ENABLE_USER_SCRIPT_SANDBOXING = YES;
				GCC_C_LANGUAGE_STANDARD = gnu17;
				GCC_NO_COMMON_BLOCKS = YES;
				GCC_WARN_64_TO_32_BIT_CONVERSION = YES;
				GCC_WARN_ABOUT_RETURN_TYPE = YES_ERROR;
				GCC_WARN_UNDECLARED_SELECTOR = YES;
				GCC_WARN_UNINITIALIZED_AUTOS = YES_AGGRESSIVE;
				GCC_WARN_UNUSED_FUNCTION = YES;
				GCC_WARN_UNUSED_VARIABLE = YES;
				IPHONEOS_DEPLOYMENT_TARGET = 17.0;
				MTL_ENABLE_DEBUG_INFO = NO;
				MTL_FAST_MATH = YES;
				SDKROOT = iphoneos;
				SWIFT_COMPILATION_MODE = wholemodule;
				VALIDATE_PRODUCT = YES;
			};
			name = Release;
		};
		A80000012 /* Debug */ = {
			isa = XCBuildConfiguration;
			buildSettings = {
				ASSETCATALOG_COMPILER_APPICON_NAME = AppIcon;
				ASSETCATALOG_COMPILER_GLOBAL_ACCENT_COLOR_NAME = AccentColor;
				CODE_SIGN_STYLE = Automatic;
				CURRENT_PROJECT_VERSION = 1;
				DEVELOPMENT_TEAM = 3DLV25C9VK;
				GENERATE_INFOPLIST_FILE = YES;
				INFOPLIST_FILE = Hangman/Info.plist;
				INFOPLIST_KEY_CFBundleDisplayName = "HANGMAN (THE)";
				INFOPLIST_KEY_UIApplicationSceneManifest_Generation = YES;
				INFOPLIST_KEY_UIApplicationSupportsIndirectInputEvents = YES;
				INFOPLIST_KEY_UILaunchScreen_Generation = YES;
				INFOPLIST_KEY_UISupportedInterfaceOrientations = UIInterfaceOrientationPortrait;
				LD_RUNPATH_SEARCH_PATHS = (
					"$(inherited)",
					"@executable_path/Frameworks",
				);
				MARKETING_VERSION = 1.0;
				PRODUCT_BUNDLE_IDENTIFIER = com.hangman.app;
				PRODUCT_NAME = "$(TARGET_NAME)";
				SWIFT_EMIT_LOC_STRINGS = YES;
				SWIFT_VERSION = 5.0;
				TARGETED_DEVICE_FAMILY = 1;
			};
			name = Debug;
		};
		A80000013 /* Release */ = {
			isa = XCBuildConfiguration;
			buildSettings = {
				ASSETCATALOG_COMPILER_APPICON_NAME = AppIcon;
				ASSETCATALOG_COMPILER_GLOBAL_ACCENT_COLOR_NAME = AccentColor;
				CODE_SIGN_STYLE = Automatic;
				CURRENT_PROJECT_VERSION = 1;
				DEVELOPMENT_TEAM = 3DLV25C9VK;
				GENERATE_INFOPLIST_FILE = YES;
				INFOPLIST_FILE = Hangman/Info.plist;
				INFOPLIST_KEY_CFBundleDisplayName = "HANGMAN (THE)";
				INFOPLIST_KEY_UIApplicationSceneManifest_Generation = YES;
				INFOPLIST_KEY_UIApplicationSupportsIndirectInputEvents = YES;
				INFOPLIST_KEY_UILaunchScreen_Generation = YES;
				INFOPLIST_KEY_UISupportedInterfaceOrientations = UIInterfaceOrientationPortrait;
				LD_RUNPATH_SEARCH_PATHS = (
					"$(inherited)",
					"@executable_path/Frameworks",
				);
				MARKETING_VERSION = 1.0;
				PRODUCT_BUNDLE_IDENTIFIER = com.hangman.app;
				PRODUCT_NAME = "$(TARGET_NAME)";
				SWIFT_EMIT_LOC_STRINGS = YES;
				SWIFT_VERSION = 5.0;
				TARGETED_DEVICE_FAMILY = 1;
			};
			name = Release;
		};
		B80000012 /* Debug */ = {
			isa = XCBuildConfiguration;
			buildSettings = {
				BUNDLE_LOADER = "$(TEST_HOST)";
				CODE_SIGN_STYLE = Automatic;
				CURRENT_PROJECT_VERSION = 1;
				DEVELOPMENT_TEAM = 3DLV25C9VK;
				GENERATE_INFOPLIST_FILE = YES;
				IPHONEOS_DEPLOYMENT_TARGET = 17.0;
				MARKETING_VERSION = 1.0;
				PRODUCT_BUNDLE_IDENTIFIER = com.hangman.app.tests;
				PRODUCT_NAME = "$(TARGET_NAME)";
				SWIFT_EMIT_LOC_STRINGS = NO;
				SWIFT_VERSION = 5.0;
				TARGETED_DEVICE_FAMILY = 1;
				TEST_HOST = "$(BUILT_PRODUCTS_DIR)/Hangman.app/$(BUNDLE_EXECUTABLE_FOLDER_PATH)/Hangman";
			};
			name = Debug;
		};
		B80000013 /* Release */ = {
			isa = XCBuildConfiguration;
			buildSettings = {
				BUNDLE_LOADER = "$(TEST_HOST)";
				CODE_SIGN_STYLE = Automatic;
				CURRENT_PROJECT_VERSION = 1;
				DEVELOPMENT_TEAM = 3DLV25C9VK;
				GENERATE_INFOPLIST_FILE = YES;
				IPHONEOS_DEPLOYMENT_TARGET = 17.0;
				MARKETING_VERSION = 1.0;
				PRODUCT_BUNDLE_IDENTIFIER = com.hangman.app.tests;
				PRODUCT_NAME = "$(TARGET_NAME)";
				SWIFT_EMIT_LOC_STRINGS = NO;
				SWIFT_VERSION = 5.0;
				TARGETED_DEVICE_FAMILY = 1;
				TEST_HOST = "$(BUILT_PRODUCTS_DIR)/Hangman.app/$(BUNDLE_EXECUTABLE_FOLDER_PATH)/Hangman";
			};
			name = Release;
		};
		D70000001 /* Debug */ = {
			isa = XCBuildConfiguration;
			buildSettings = {
				ASSETCATALOG_COMPILER_APPICON_NAME = AppIcon;
				CODE_SIGN_STYLE = Automatic;
				CURRENT_PROJECT_VERSION = 1;
				DEVELOPMENT_TEAM = 3DLV25C9VK;
				GENERATE_INFOPLIST_FILE = YES;
				INFOPLIST_FILE = HangmanMessages/Info.plist;
				INFOPLIST_KEY_CFBundleDisplayName = Hangman;
				INFOPLIST_KEY_NSExtension_NSExtensionPointIdentifier = "com.apple.message-payload-provider";
				IPHONEOS_DEPLOYMENT_TARGET = 17.0;
				LD_RUNPATH_SEARCH_PATHS = (
					"$(inherited)",
					"@executable_path/Frameworks",
					"@executable_path/../../Frameworks",
				);
				MARKETING_VERSION = 1.0;
				PRODUCT_BUNDLE_IDENTIFIER = com.hangman.app.messages;
				PRODUCT_NAME = "$(TARGET_NAME)";
				SKIP_INSTALL = YES;
				SWIFT_EMIT_LOC_STRINGS = YES;
				SWIFT_VERSION = 5.0;
				TARGETED_DEVICE_FAMILY = 1;
			};
			name = Debug;
		};
		D70000002 /* Release */ = {
			isa = XCBuildConfiguration;
			buildSettings = {
				ASSETCATALOG_COMPILER_APPICON_NAME = AppIcon;
				CODE_SIGN_STYLE = Automatic;
				CURRENT_PROJECT_VERSION = 1;
				DEVELOPMENT_TEAM = 3DLV25C9VK;
				GENERATE_INFOPLIST_FILE = YES;
				INFOPLIST_FILE = HangmanMessages/Info.plist;
				INFOPLIST_KEY_CFBundleDisplayName = Hangman;
				INFOPLIST_KEY_NSExtension_NSExtensionPointIdentifier = "com.apple.message-payload-provider";
				IPHONEOS_DEPLOYMENT_TARGET = 17.0;
				LD_RUNPATH_SEARCH_PATHS = (
					"$(inherited)",
					"@executable_path/Frameworks",
					"@executable_path/../../Frameworks",
				);
				MARKETING_VERSION = 1.0;
				PRODUCT_BUNDLE_IDENTIFIER = com.hangman.app.messages;
				PRODUCT_NAME = "$(TARGET_NAME)";
				SKIP_INSTALL = YES;
				SWIFT_EMIT_LOC_STRINGS = YES;
				SWIFT_VERSION = 5.0;
				TARGETED_DEVICE_FAMILY = 1;
			};
			name = Release;
		};
/* End XCBuildConfiguration section */

/* Begin XCConfigurationList section */
		A80000001 /* Build configuration list for PBXProject "Hangman" */ = {
			isa = XCConfigurationList;
			buildConfigurations = (
				A80000010 /* Debug */,
				A80000011 /* Release */,
			);
			defaultConfigurationIsVisible = 0;
			defaultConfigurationName = Release;
		};
		A80000003 /* Build configuration list for PBXNativeTarget "Hangman" */ = {
			isa = XCConfigurationList;
			buildConfigurations = (
				A80000012 /* Debug */,
				A80000013 /* Release */,
			);
			defaultConfigurationIsVisible = 0;
			defaultConfigurationName = Release;
		};
		B80000003 /* Build configuration list for PBXNativeTarget "HangmanTests" */ = {
			isa = XCConfigurationList;
			buildConfigurations = (
				B80000012 /* Debug */,
				B80000013 /* Release */,
			);
			defaultConfigurationIsVisible = 0;
			defaultConfigurationName = Release;
		};
		D70000003 /* Build configuration list for PBXNativeTarget "HangmanMessages" */ = {
			isa = XCConfigurationList;
			buildConfigurations = (
				D70000001 /* Debug */,
				D70000002 /* Release */,
			);
			defaultConfigurationIsVisible = 0;
			defaultConfigurationName = Release;
		};
/* End XCConfigurationList section */
	};
	rootObject = A90000001 /* Project object */;
}
